
Microsoft Visual Studio Solution File, Format Version 11.00
# Visual Studio 2010
Project("{F2A71F9B-5D33-465A-A702-920D77279786}") = "TwitterScraper", "TwitterScraper\TwitterScraper.fsproj", "{B0BA1552-3A36-4212-BC73-A2736D925B8E}"
EndProject
Project("{2150E333-8FDC-42A3-9474-1A3956D46DE8}") = ".nuget", ".nuget", "{D051898B-79AA-4243-90AF-8CD4385C3BC5}"
	ProjectSection(SolutionItems) = preProject
		.nuget\NuGet.Config = .nuget\NuGet.Config
		.nuget\NuGet.exe = .nuget\NuGet.exe
		.nuget\NuGet.targets = .nuget\NuGet.targets
	EndProjectSection
EndProject
Global
	GlobalSection(SolutionConfigurationPlatforms) = preSolution
		Debug|x86 = Debug|x86
		Release|x86 = Release|x86
	EndGlobalSection
	GlobalSection(ProjectConfigurationPlatforms) = postSolution
		{B0BA1552-3A36-4212-BC73-A2736D925B8E}.Debug|x86.ActiveCfg = Debug|x86
		{B0BA1552-3A36-4212-BC73-A2736D925B8E}.Debug|x86.Build.0 = Debug|x86
		{B0BA1552-3A36-4212-BC73-A2736D925B8E}.Release|x86.ActiveCfg = Release|x86
		{B0BA1552-3A36-4212-BC73-A2736D925B8E}.Release|x86.Build.0 = Release|x86
	EndGlobalSection
	GlobalSection(SolutionProperties) = preSolution
		HideSolutionNode = FALSE
	EndGlobalSection
EndGlobal
